
Microsoft Visual Studio Solution File, Format Version 12.00
# Visual Studio Version 17
VisualStudioVersion = 17.8.34309.116
MinimumVisualStudioVersion = 10.0.40219.1
Project("{FAE04EC0-301F-11D3-BF4B-00C04F79EFBC}") = "Pokedex", "Pokedex\Pokedex.csproj", "{72AAED24-16FF-47AD-8973-AFB341051336}"
EndProject
Project("{FAE04EC0-301F-11D3-BF4B-00C04F79EFBC}") = "Pokedex.DAL", "Pokedex.DAL\Pokedex.DAL.csproj", "{6F80167F-415A-4F93-B8E7-F80B6CCF112F}"
EndProject
Global
	GlobalSection(SolutionConfigurationPlatforms) = preSolution
		Debug|Any CPU = Debug|Any CPU
		Release|Any CPU = Release|Any CPU
	EndGlobalSection
	GlobalSection(ProjectConfigurationPlatforms) = postSolution
		{72AAED24-16FF-47AD-8973-AFB341051336}.Debug|Any CPU.ActiveCfg = Debug|Any CPU
		{72AAED24-16FF-47AD-8973-AFB341051336}.Debug|Any CPU.Build.0 = Debug|Any CPU
		{72AAED24-16FF-47AD-8973-AFB341051336}.Release|Any CPU.ActiveCfg = Release|Any CPU
		{72AAED24-16FF-47AD-8973-AFB341051336}.Release|Any CPU.Build.0 = Release|Any CPU
		{6F80167F-415A-4F93-B8E7-F80B6CCF112F}.Debug|Any CPU.ActiveCfg = Debug|Any CPU
		{6F80167F-415A-4F93-B8E7-F80B6CCF112F}.Debug|Any CPU.Build.0 = Debug|Any CPU
		{6F80167F-415A-4F93-B8E7-F80B6CCF112F}.Release|Any CPU.ActiveCfg = Release|Any CPU
		{6F80167F-415A-4F93-B8E7-F80B6CCF112F}.Release|Any CPU.Build.0 = Release|Any CPU
	EndGlobalSection
	GlobalSection(SolutionProperties) = preSolution
		HideSolutionNode = FALSE
	EndGlobalSection
	GlobalSection(ExtensibilityGlobals) = postSolution
		SolutionGuid = {AD82F545-A215-4850-B0B5-67E79ADB7ACA}
	EndGlobalSection
EndGlobal
